# IF THERE'S A GIT CONFLICT IN THIS FILE, DON'T SOLVE IT MANUALLY!
# INSTEAD EXECUTE `prisma migrate fix`
# Prisma Migrate lockfile v1
# Read more about conflict resolution here: TODO

20200624211600-initial
20200625141833-remove-language-learning-unique-constraint-on-user-id
20200702185801-fix-issues
20200805064655-add-published-at-to-posts
20200812181436-add-post-comment