# Prisma Migrate lockfile v1

20200624211600-initial
20200625141833-remove-language-learning-unique-constraint-on-user-id
20200702185801-fix-issues
20200805064655-add-published-at-to-posts
20200813092954-add-post-comment
20200816171330-add-thread-subscription-table
20200908095206-add-thanks-and-db-constraints
20200910205210-add-topic-translation-table
20200919143307-update-reset-token-expiry-type
20200923094139-add-user-follows-m2m
20201002152245-add-archived-field-to-threads
20201026144537-new-language-relation-model
20201101185157-add-badges-table
20201108184902-add-code-contributor-and-10-post-badges
20201209170034-change-social-media-model
20201218045952-add-post-comment-subscription-table
20201223164158-add-language-dev-name
20201223171239-replace-location-model
20201228152243-add-published-language-level
20210102205203-add-pending-notification-table