{
  "name": "@journaly/j-db-client",
  "version": "13.15.0-ALPHA15",
  "lockfileVersion": 1,
  "requires": true,
  "dependencies": {
    "@prisma/client": {
      "version": "3.5.0",
      "resolved": "https://registry.npmjs.org/@prisma/client/-/client-3.5.0.tgz",
      "integrity": "sha512-LuaaisknLe9CCfJ1Rtqe9b9knvPgEEcC77OMmWdo3fSanxl5oTDxcH3IIhpULQQlJfZvDcaEXuXNU4dsNF+q1w==",
      "requires": {
        "@prisma/engines-version": "3.5.0-38.78a5df6def6943431f4c022e1428dbc3e833cf8e"
      }
    },
    "@prisma/engines": {
      "version": "3.5.0-38.78a5df6def6943431f4c022e1428dbc3e833cf8e",
      "resolved": "https://registry.npmjs.org/@prisma/engines/-/engines-3.5.0-38.78a5df6def6943431f4c022e1428dbc3e833cf8e.tgz",
      "integrity": "sha512-MqZUrxuLlIbjB3wu8LrRJOKcvR4k3dunKoI4Q2bPfAwLQY0XlpsLZ3TRVW1c32ooVk939p6iGNkaCUo63Et36g==",
      "dev": true
    },
    "@prisma/engines-version": {
      "version": "3.5.0-38.78a5df6def6943431f4c022e1428dbc3e833cf8e",
      "resolved": "https://registry.npmjs.org/@prisma/engines-version/-/engines-version-3.5.0-38.78a5df6def6943431f4c022e1428dbc3e833cf8e.tgz",
      "integrity": "sha512-X16YmBmj7Omso4ZbkNBe6gPYlNcnwZMUPtXsguCkn+KoMqm3DJD9M4X31gx0Gf13Q44dY3SKPJZUk44/XUj/WA=="
    },
    "prisma": {
      "version": "3.5.0",
      "resolved": "https://registry.npmjs.org/prisma/-/prisma-3.5.0.tgz",
      "integrity": "sha512-WEYQ+H98O0yigG+lI0gfh4iyBChvnM6QTXPDtY9eFraLXAmyb6tf/T2mUdrUAU1AEvHLVzQA5A+RpONZlQozBg==",
      "dev": true,
      "requires": {
        "@prisma/engines": "3.5.0-38.78a5df6def6943431f4c022e1428dbc3e833cf8e"
      }
    },
    "typescript": {
      "version": "4.2.4",
      "resolved": "https://registry.npmjs.org/typescript/-/typescript-4.2.4.tgz",
      "integrity": "sha512-V+evlYHZnQkaz8TRBuxTA92yZBPotr5H+WhQ7bD3hZUndx5tGOa1fuCgeSjxAzM1RiN5IzvadIXTVefuuwZCRg==",
      "dev": true
    }
  }
}
