{
  "name": "@journaly/j-db-client",
  "version": "10.0.0-ALPHA.2",
  "lockfileVersion": 1,
  "requires": true,
  "dependencies": {
    "@prisma/client": {
      "version": "2.21.0",
      "resolved": "https://registry.npmjs.org/@prisma/client/-/client-2.21.0.tgz",
      "integrity": "sha512-RMtX0sdDl5MDJ49WOvGMzqgPF5yN6DQMSpzr+jpCkL7kuHASGiVcBYpvkBlNNA5a186zKCHuaMdNb8h7hDS4/A==",
      "requires": {
        "@prisma/engines-version": "2.21.0-36.e421996c87d5f3c8f7eeadd502d4ad402c89464d"
      }
    },
    "@prisma/engines": {
      "version": "2.22.0-21.60cc71d884972ab4e897f0277c4b84383dddaf6c",
      "resolved": "https://registry.npmjs.org/@prisma/engines/-/engines-2.22.0-21.60cc71d884972ab4e897f0277c4b84383dddaf6c.tgz",
      "integrity": "sha512-KmWdogrsfsSLYvfqY3cS3QcDGzaEFklE+T6dNJf+k/KPQum4A29IwDalafMwh5cMN8ivZobUbowNSwWJrMT08Q==",
      "dev": true
    },
    "@prisma/engines-version": {
      "version": "2.21.0-36.e421996c87d5f3c8f7eeadd502d4ad402c89464d",
      "resolved": "https://registry.npmjs.org/@prisma/engines-version/-/engines-version-2.21.0-36.e421996c87d5f3c8f7eeadd502d4ad402c89464d.tgz",
      "integrity": "sha512-9/fE1gdPWmjbMjXUJjrTMt848TsgEnSjZCcJ1wu9OAcRlAKKJBLehftqC3gSEShDijvMYgeTdGU5snMpwmv4vg=="
    },
    "prisma": {
      "version": "2.22.0",
      "resolved": "https://registry.npmjs.org/prisma/-/prisma-2.22.0.tgz",
      "integrity": "sha512-rJgjZCl0mxrdCjR6N5Z5Ivm6fy+iPznOQDA4TSiKvzs7tzo4smsBbFZmliylmEeRkuq2f93+/I/jmw64rrFpHQ==",
      "dev": true,
      "requires": {
        "@prisma/engines": "2.22.0-21.60cc71d884972ab4e897f0277c4b84383dddaf6c"
      }
    },
    "typescript": {
      "version": "4.2.4",
      "resolved": "https://registry.npmjs.org/typescript/-/typescript-4.2.4.tgz",
      "integrity": "sha512-V+evlYHZnQkaz8TRBuxTA92yZBPotr5H+WhQ7bD3hZUndx5tGOa1fuCgeSjxAzM1RiN5IzvadIXTVefuuwZCRg==",
      "dev": true
    }
  }
}
