{
  "name": "@journaly/j-db-client",
  "version": "13.15.0-ALPHA11",
  "lockfileVersion": 1,
  "requires": true,
  "dependencies": {
    "@prisma/client": {
      "version": "3.4.2",
      "resolved": "https://registry.npmjs.org/@prisma/client/-/client-3.4.2.tgz",
      "integrity": "sha512-HyQGq9m1V99zpNSJ/FojZJnvzqWUd18ErIXwxLzSuurS23XlhHEPtxgpxJaegBmjsr/KCYqcXFOPmM1gRLpI0w==",
      "requires": {
        "@prisma/engines-version": "3.4.1-2.57771c0558568c7d08bd34c7248af5244ae16bd9"
      }
    },
    "@prisma/engines": {
      "version": "3.4.1-2.57771c0558568c7d08bd34c7248af5244ae16bd9",
      "resolved": "https://registry.npmjs.org/@prisma/engines/-/engines-3.4.1-2.57771c0558568c7d08bd34c7248af5244ae16bd9.tgz",
      "integrity": "sha512-NO4Q88k3CfUpYzfpDD+0wSVCqhaeljCFAGSe1XyvmXAOlMU2AAjCwmRn6S4UXlT9yEGB/LwFjdvGjcgfUQ+Mtw==",
      "dev": true
    },
    "@prisma/engines-version": {
      "version": "3.4.1-2.57771c0558568c7d08bd34c7248af5244ae16bd9",
      "resolved": "https://registry.npmjs.org/@prisma/engines-version/-/engines-version-3.4.1-2.57771c0558568c7d08bd34c7248af5244ae16bd9.tgz",
      "integrity": "sha512-H8bnBT5jLap+0nULBAGjf+xb5XNn4d60U4J9cck+UanyEkeMS3aYCeHvNiQl46XwvN60jkUX8BwV3NOEmPh0SQ=="
    },
    "prisma": {
      "version": "3.4.2",
      "resolved": "https://registry.npmjs.org/prisma/-/prisma-3.4.2.tgz",
      "integrity": "sha512-wOD1lni7MfH/Qkp5SAkUthLKG+pQcpD31Nm8nAKj9ESgqId/dy+JDSTYOuk/pySvFyby/A+bsAPWIaVmo7qqhQ==",
      "dev": true,
      "requires": {
        "@prisma/engines": "3.4.1-2.57771c0558568c7d08bd34c7248af5244ae16bd9"
      }
    },
    "typescript": {
      "version": "4.2.4",
      "resolved": "https://registry.npmjs.org/typescript/-/typescript-4.2.4.tgz",
      "integrity": "sha512-V+evlYHZnQkaz8TRBuxTA92yZBPotr5H+WhQ7bD3hZUndx5tGOa1fuCgeSjxAzM1RiN5IzvadIXTVefuuwZCRg==",
      "dev": true
    }
  }
}
